
Microsoft Visual Studio Solution File, Format Version 12.00
# Visual Studio Version 17
VisualStudioVersion = 17.0.31903.59
MinimumVisualStudioVersion = 10.0.40219.1
Project("{FAE04EC0-301F-11D3-BF4B-00C04F79EFBC}") = "Server", "Server\Server.csproj", "{DE6F9AAF-453A-4E4D-9136-6090905CFB9B}"
EndProject
Project("{9A19103F-16F7-4668-BE54-9A1E7A4F7556}") = "Client", "Client\Client.csproj", "{2DE7C422-5F31-4E3B-8A79-48A8CC0EAD01}"
EndProject
Project("{9A19103F-16F7-4668-BE54-9A1E7A4F7556}") = "Client.Android", "Client.Android\Client.Android.csproj", "{B561BB2E-5A6B-4469-82F6-361A64390813}"
EndProject
Project("{9A19103F-16F7-4668-BE54-9A1E7A4F7556}") = "Client.iOS", "Client.iOS\Client.iOS.csproj", "{75F5B65C-3B95-45F7-930F-2D4FCCF7CD4C}"
EndProject
Project("{FAE04EC0-301F-11D3-BF4B-00C04F79EFBC}") = "Kyanite", "Kyanite\Kyanite.csproj", "{405B005C-FD35-484D-A3FA-A29664B2FC7B}"
EndProject
Global
	GlobalSection(SolutionConfigurationPlatforms) = preSolution
		Debug|Any CPU = Debug|Any CPU
		Release|Any CPU = Release|Any CPU
	EndGlobalSection
	GlobalSection(ProjectConfigurationPlatforms) = postSolution
		{DE6F9AAF-453A-4E4D-9136-6090905CFB9B}.Debug|Any CPU.ActiveCfg = Debug|Any CPU
		{DE6F9AAF-453A-4E4D-9136-6090905CFB9B}.Debug|Any CPU.Build.0 = Debug|Any CPU
		{DE6F9AAF-453A-4E4D-9136-6090905CFB9B}.Release|Any CPU.ActiveCfg = Release|Any CPU
		{DE6F9AAF-453A-4E4D-9136-6090905CFB9B}.Release|Any CPU.Build.0 = Release|Any CPU
		{2DE7C422-5F31-4E3B-8A79-48A8CC0EAD01}.Debug|Any CPU.ActiveCfg = Debug|Any CPU
		{2DE7C422-5F31-4E3B-8A79-48A8CC0EAD01}.Debug|Any CPU.Build.0 = Debug|Any CPU
		{2DE7C422-5F31-4E3B-8A79-48A8CC0EAD01}.Release|Any CPU.ActiveCfg = Release|Any CPU
		{2DE7C422-5F31-4E3B-8A79-48A8CC0EAD01}.Release|Any CPU.Build.0 = Release|Any CPU
		{B561BB2E-5A6B-4469-82F6-361A64390813}.Debug|Any CPU.ActiveCfg = Debug|Any CPU
		{B561BB2E-5A6B-4469-82F6-361A64390813}.Debug|Any CPU.Build.0 = Debug|Any CPU
		{B561BB2E-5A6B-4469-82F6-361A64390813}.Debug|Any CPU.Deploy.0 = Debug|Any CPU
		{B561BB2E-5A6B-4469-82F6-361A64390813}.Release|Any CPU.ActiveCfg = Release|Any CPU
		{B561BB2E-5A6B-4469-82F6-361A64390813}.Release|Any CPU.Build.0 = Release|Any CPU
		{B561BB2E-5A6B-4469-82F6-361A64390813}.Release|Any CPU.Deploy.0 = Release|Any CPU
		{75F5B65C-3B95-45F7-930F-2D4FCCF7CD4C}.Debug|Any CPU.ActiveCfg = Debug|Any CPU
		{75F5B65C-3B95-45F7-930F-2D4FCCF7CD4C}.Debug|Any CPU.Build.0 = Debug|Any CPU
		{75F5B65C-3B95-45F7-930F-2D4FCCF7CD4C}.Debug|Any CPU.Deploy.0 = Debug|Any CPU
		{75F5B65C-3B95-45F7-930F-2D4FCCF7CD4C}.Release|Any CPU.ActiveCfg = Release|Any CPU
		{75F5B65C-3B95-45F7-930F-2D4FCCF7CD4C}.Release|Any CPU.Build.0 = Release|Any CPU
		{75F5B65C-3B95-45F7-930F-2D4FCCF7CD4C}.Release|Any CPU.Deploy.0 = Release|Any CPU
		{405B005C-FD35-484D-A3FA-A29664B2FC7B}.Debug|Any CPU.ActiveCfg = Debug|Any CPU
		{405B005C-FD35-484D-A3FA-A29664B2FC7B}.Debug|Any CPU.Build.0 = Debug|Any CPU
		{405B005C-FD35-484D-A3FA-A29664B2FC7B}.Release|Any CPU.ActiveCfg = Release|Any CPU
		{405B005C-FD35-484D-A3FA-A29664B2FC7B}.Release|Any CPU.Build.0 = Release|Any CPU
	EndGlobalSection
	GlobalSection(SolutionProperties) = preSolution
		HideSolutionNode = FALSE
	EndGlobalSection
	GlobalSection(ExtensibilityGlobals) = postSolution
		SolutionGuid = {474439EC-6AEE-43F4-A95F-CBC2A4B34BC8}
	EndGlobalSection
EndGlobal
